// !$*UTF8*$!
{
	archiveVersion = 1;
	classes = {
	};
	objectVersion = 55;
	objects = {

/* Begin PBXBuildFile section */
		21D8E589286B5FDA003B65A4 /* AppDelegate.swift in Sources */ = {isa = PBXBuildFile; fileRef = 21D8E588286B5FDA003B65A4 /* AppDelegate.swift */; };
		21D8E58B286B5FDA003B65A4 /* ViewController.swift in Sources */ = {isa = PBXBuildFile; fileRef = 21D8E58A286B5FDA003B65A4 /* ViewController.swift */; };
		21D8E58E286B5FDA003B65A4 /* githubcreate.xcdatamodeld in Sources */ = {isa = PBXBuildFile; fileRef = 21D8E58C286B5FDA003B65A4 /* githubcreate.xcdatamodeld */; };
		21D8E590286B5FE0003B65A4 /* Assets.xcassets in Resources */ = {isa = PBXBuildFile; fileRef = 21D8E58F286B5FE0003B65A4 /* Assets.xcassets */; };
		21D8E593286B5FE0003B65A4 /* Main.storyboard in Resources */ = {isa = PBXBuildFile; fileRef = 21D8E591286B5FE0003B65A4 /* Main.storyboard */; };
		21D8E59E286B5FE1003B65A4 /* githubcreateTests.swift in Sources */ = {isa = PBXBuildFile; fileRef = 21D8E59D286B5FE1003B65A4 /* githubcreateTests.swift */; };
		21D8E5A8286B5FE1003B65A4 /* githubcreateUITests.swift in Sources */ = {isa = PBXBuildFile; fileRef = 21D8E5A7286B5FE1003B65A4 /* githubcreateUITests.swift */; };
		21D8E5AA286B5FE1003B65A4 /* githubcreateUITestsLaunchTests.swift in Sources */ = {isa = PBXBuildFile; fileRef = 21D8E5A9286B5FE1003B65A4 /* githubcreateUITestsLaunchTests.swift */; };
/* End PBXBuildFile section */

/* Begin PBXContainerItemProxy section */
		21D8E59A286B5FE1003B65A4 /* PBXContainerItemProxy */ = {
			isa = PBXContainerItemProxy;
			containerPortal = 21D8E57D286B5FD9003B65A4 /* Project object */;
			proxyType = 1;
			remoteGlobalIDString = 21D8E584286B5FDA003B65A4;
			remoteInfo = githubcreate;
		};
		21D8E5A4286B5FE1003B65A4 /* PBXContainerItemProxy */ = {
			isa = PBXContainerItemProxy;
			containerPortal = 21D8E57D286B5FD9003B65A4 /* Project object */;
			proxyType = 1;
			remoteGlobalIDString = 21D8E584286B5FDA003B65A4;
			remoteInfo = githubcreate;
		};
/* End PBXContainerItemProxy section */

/* Begin PBXFileReference section */
		21D8E585286B5FDA003B65A4 /* githubcreate.app */ = {isa = PBXFileReference; explicitFileType = wrapper.application; includeInIndex = 0; path = githubcreate.app; sourceTree = BUILT_PRODUCTS_DIR; };
		21D8E588286B5FDA003B65A4 /* AppDelegate.swift */ = {isa = PBXFileReference; lastKnownFileType = sourcecode.swift; path = AppDelegate.swift; sourceTree = "<group>"; };
		21D8E58A286B5FDA003B65A4 /* ViewController.swift */ = {isa = PBXFileReference; lastKnownFileType = sourcecode.swift; path = ViewController.swift; sourceTree = "<group>"; };
		21D8E58D286B5FDA003B65A4 /* githubcreate.xcdatamodel */ = {isa = PBXFileReference; lastKnownFileType = wrapper.xcdatamodel; path = githubcreate.xcdatamodel; sourceTree = "<group>"; };
		21D8E58F286B5FE0003B65A4 /* Assets.xcassets */ = {isa = PBXFileReference; lastKnownFileType = folder.assetcatalog; path = Assets.xcassets; sourceTree = "<group>"; };
		21D8E592286B5FE0003B65A4 /* Base */ = {isa = PBXFileReference; lastKnownFileType = file.storyboard; name = Base; path = Base.lproj/Main.storyboard; sourceTree = "<group>"; };
		21D8E594286B5FE0003B65A4 /* githubcreate.entitlements */ = {isa = PBXFileReference; lastKnownFileType = text.plist.entitlements; path = githubcreate.entitlements; sourceTree = "<group>"; };
		21D8E599286B5FE1003B65A4 /* githubcreateTests.xctest */ = {isa = PBXFileReference; explicitFileType = wrapper.cfbundle; includeInIndex = 0; path = githubcreateTests.xctest; sourceTree = BUILT_PRODUCTS_DIR; };
		21D8E59D286B5FE1003B65A4 /* githubcreateTests.swift */ = {isa = PBXFileReference; lastKnownFileType = sourcecode.swift; path = githubcreateTests.swift; sourceTree = "<group>"; };
		21D8E5A3286B5FE1003B65A4 /* githubcreateUITests.xctest */ = {isa = PBXFileReference; explicitFileType = wrapper.cfbundle; includeInIndex = 0; path = githubcreateUITests.xctest; sourceTree = BUILT_PRODUCTS_DIR; };
		21D8E5A7286B5FE1003B65A4 /* githubcreateUITests.swift */ = {isa = PBXFileReference; lastKnownFileType = sourcecode.swift; path = githubcreateUITests.swift; sourceTree = "<group>"; };
		21D8E5A9286B5FE1003B65A4 /* githubcreateUITestsLaunchTests.swift */ = {isa = PBXFileReference; lastKnownFileType = sourcecode.swift; path = githubcreateUITestsLaunchTests.swift; sourceTree = "<group>"; };
/* End PBXFileReference section */

/* Begin PBXFrameworksBuildPhase section */
		21D8E582286B5FDA003B65A4 /* Frameworks */ = {
			isa = PBXFrameworksBuildPhase;
			buildActionMask = 2147483647;
			files = (
			);
			runOnlyForDeploymentPostprocessing = 0;
		};
		21D8E596286B5FE1003B65A4 /* Frameworks */ = {
			isa = PBXFrameworksBuildPhase;
			buildActionMask = 2147483647;
			files = (
			);
			runOnlyForDeploymentPostprocessing = 0;
		};
		21D8E5A0286B5FE1003B65A4 /* Frameworks */ = {
			isa = PBXFrameworksBuildPhase;
			buildActionMask = 2147483647;
			files = (
			);
			runOnlyForDeploymentPostprocessing = 0;
		};
/* End PBXFrameworksBuildPhase section */

/* Begin PBXGroup section */
		21D8E57C286B5FD9003B65A4 = {
			isa = PBXGroup;
			children = (
				21D8E587286B5FDA003B65A4 /* githubcreate */,
				21D8E59C286B5FE1003B65A4 /* githubcreateTests */,
				21D8E5A6286B5FE1003B65A4 /* githubcreateUITests */,
				21D8E586286B5FDA003B65A4 /* Products */,
			);
			sourceTree = "<group>";
		};
		21D8E586286B5FDA003B65A4 /* Products */ = {
			isa = PBXGroup;
			children = (
				21D8E585286B5FDA003B65A4 /* githubcreate.app */,
				21D8E599286B5FE1003B65A4 /* githubcreateTests.xctest */,
				21D8E5A3286B5FE1003B65A4 /* githubcreateUITests.xctest */,
			);
			name = Products;
			sourceTree = "<group>";
		};
		21D8E587286B5FDA003B65A4 /* githubcreate */ = {
			isa = PBXGroup;
			children = (
				21D8E588286B5FDA003B65A4 /* AppDelegate.swift */,
				21D8E58A286B5FDA003B65A4 /* ViewController.swift */,
				21D8E58F286B5FE0003B65A4 /* Assets.xcassets */,
				21D8E591286B5FE0003B65A4 /* Main.storyboard */,
				21D8E594286B5FE0003B65A4 /* githubcreate.entitlements */,
				21D8E58C286B5FDA003B65A4 /* githubcreate.xcdatamodeld */,
			);
			path = githubcreate;
			sourceTree = "<group>";
		};
		21D8E59C286B5FE1003B65A4 /* githubcreateTests */ = {
			isa = PBXGroup;
			children = (
				21D8E59D286B5FE1003B65A4 /* githubcreateTests.swift */,
			);
			path = githubcreateTests;
			sourceTree = "<group>";
		};
		21D8E5A6286B5FE1003B65A4 /* githubcreateUITests */ = {
			isa = PBXGroup;
			children = (
				21D8E5A7286B5FE1003B65A4 /* githubcreateUITests.swift */,
				21D8E5A9286B5FE1003B65A4 /* githubcreateUITestsLaunchTests.swift */,
			);
			path = githubcreateUITests;
			sourceTree = "<group>";
		};
/* End PBXGroup section */

/* Begin PBXNativeTarget section */
		21D8E584286B5FDA003B65A4 /* githubcreate */ = {
			isa = PBXNativeTarget;
			buildConfigurationList = 21D8E5AD286B5FE1003B65A4 /* Build configuration list for PBXNativeTarget "githubcreate" */;
			buildPhases = (
				21D8E581286B5FDA003B65A4 /* Sources */,
				21D8E582286B5FDA003B65A4 /* Frameworks */,
				21D8E583286B5FDA003B65A4 /* Resources */,
			);
			buildRules = (
			);
			dependencies = (
			);
			name = githubcreate;
			productName = githubcreate;
			productReference = 21D8E585286B5FDA003B65A4 /* githubcreate.app */;
			productType = "com.apple.product-type.application";
		};
		21D8E598286B5FE1003B65A4 /* githubcreateTests */ = {
			isa = PBXNativeTarget;
			buildConfigurationList = 21D8E5B0286B5FE1003B65A4 /* Build configuration list for PBXNativeTarget "githubcreateTests" */;
			buildPhases = (
				21D8E595286B5FE1003B65A4 /* Sources */,
				21D8E596286B5FE1003B65A4 /* Frameworks */,
				21D8E597286B5FE1003B65A4 /* Resources */,
			);
			buildRules = (
			);
			dependencies = (
				21D8E59B286B5FE1003B65A4 /* PBXTargetDependency */,
			);
			name = githubcreateTests;
			productName = githubcreateTests;
			productReference = 21D8E599286B5FE1003B65A4 /* githubcreateTests.xctest */;
			productType = "com.apple.product-type.bundle.unit-test";
		};
		21D8E5A2286B5FE1003B65A4 /* githubcreateUITests */ = {
			isa = PBXNativeTarget;
			buildConfigurationList = 21D8E5B3286B5FE1003B65A4 /* Build configuration list for PBXNativeTarget "githubcreateUITests" */;
			buildPhases = (
				21D8E59F286B5FE1003B65A4 /* Sources */,
				21D8E5A0286B5FE1003B65A4 /* Frameworks */,
				21D8E5A1286B5FE1003B65A4 /* Resources */,
			);
			buildRules = (
			);
			dependencies = (
				21D8E5A5286B5FE1003B65A4 /* PBXTargetDependency */,
			);
			name = githubcreateUITests;
			productName = githubcreateUITests;
			productReference = 21D8E5A3286B5FE1003B65A4 /* githubcreateUITests.xctest */;
			productType = "com.apple.product-type.bundle.ui-testing";
		};
/* End PBXNativeTarget section */

/* Begin PBXProject section */
		21D8E57D286B5FD9003B65A4 /* Project object */ = {
			isa = PBXProject;
			attributes = {
				BuildIndependentTargetsInParallel = 1;
				LastSwiftUpdateCheck = 1340;
				LastUpgradeCheck = 1340;
				TargetAttributes = {
					21D8E584286B5FDA003B65A4 = {
						CreatedOnToolsVersion = 13.4.1;
					};
					21D8E598286B5FE1003B65A4 = {
						CreatedOnToolsVersion = 13.4.1;
						TestTargetID = 21D8E584286B5FDA003B65A4;
					};
					21D8E5A2286B5FE1003B65A4 = {
						CreatedOnToolsVersion = 13.4.1;
						TestTargetID = 21D8E584286B5FDA003B65A4;
					};
				};
			};
			buildConfigurationList = 21D8E580286B5FDA003B65A4 /* Build configuration list for PBXProject "githubcreate" */;
			compatibilityVersion = "Xcode 13.0";
			developmentRegion = en;
			hasScannedForEncodings = 0;
			knownRegions = (
				en,
				Base,
			);
			mainGroup = 21D8E57C286B5FD9003B65A4;
			productRefGroup = 21D8E586286B5FDA003B65A4 /* Products */;
			projectDirPath = "";
			projectRoot = "";
			targets = (
				21D8E584286B5FDA003B65A4 /* githubcreate */,
				21D8E598286B5FE1003B65A4 /* githubcreateTests */,
				21D8E5A2286B5FE1003B65A4 /* githubcreateUITests */,
			);
		};
/* End PBXProject section */

/* Begin PBXResourcesBuildPhase section */
		21D8E583286B5FDA003B65A4 /* Resources */ = {
			isa = PBXResourcesBuildPhase;
			buildActionMask = 2147483647;
			files = (
				21D8E590286B5FE0003B65A4 /* Assets.xcassets in Resources */,
				21D8E593286B5FE0003B65A4 /* Main.storyboard in Resources */,
			);
			runOnlyForDeploymentPostprocessing = 0;
		};
		21D8E597286B5FE1003B65A4 /* Resources */ = {
			isa = PBXResourcesBuildPhase;
			buildActionMask = 2147483647;
			files = (
			);
			runOnlyForDeploymentPostprocessing = 0;
		};
		21D8E5A1286B5FE1003B65A4 /* Resources */ = {
			isa = PBXResourcesBuildPhase;
			buildActionMask = 2147483647;
			files = (
			);
			runOnlyForDeploymentPostprocessing = 0;
		};
/* End PBXResourcesBuildPhase section */

/* Begin PBXSourcesBuildPhase section */
		21D8E581286B5FDA003B65A4 /* Sources */ = {
			isa = PBXSourcesBuildPhase;
			buildActionMask = 2147483647;
			files = (
				21D8E58E286B5FDA003B65A4 /* githubcreate.xcdatamodeld in Sources */,
				21D8E58B286B5FDA003B65A4 /* ViewController.swift in Sources */,
				21D8E589286B5FDA003B65A4 /* AppDelegate.swift in Sources */,
			);
			runOnlyForDeploymentPostprocessing = 0;
		};
		21D8E595286B5FE1003B65A4 /* Sources */ = {
			isa = PBXSourcesBuildPhase;
			buildActionMask = 2147483647;
			files = (
				21D8E59E286B5FE1003B65A4 /* githubcreateTests.swift in Sources */,
			);
			runOnlyForDeploymentPostprocessing = 0;
		};
		21D8E59F286B5FE1003B65A4 /* Sources */ = {
			isa = PBXSourcesBuildPhase;
			buildActionMask = 2147483647;
			files = (
				21D8E5A8286B5FE1003B65A4 /* githubcreateUITests.swift in Sources */,
				21D8E5AA286B5FE1003B65A4 /* githubcreateUITestsLaunchTests.swift in Sources */,
			);
			runOnlyForDeploymentPostprocessing = 0;
		};
/* End PBXSourcesBuildPhase section */

/* Begin PBXTargetDependency section */
		21D8E59B286B5FE1003B65A4 /* PBXTargetDependency */ = {
			isa = PBXTargetDependency;
			target = 21D8E584286B5FDA003B65A4 /* githubcreate */;
			targetProxy = 21D8E59A286B5FE1003B65A4 /* PBXContainerItemProxy */;
		};
		21D8E5A5286B5FE1003B65A4 /* PBXTargetDependency */ = {
			isa = PBXTargetDependency;
			target = 21D8E584286B5FDA003B65A4 /* githubcreate */;
			targetProxy = 21D8E5A4286B5FE1003B65A4 /* PBXContainerItemProxy */;
		};
/* End PBXTargetDependency section */

/* Begin PBXVariantGroup section */
		21D8E591286B5FE0003B65A4 /* Main.storyboard */ = {
			isa = PBXVariantGroup;
			children = (
				21D8E592286B5FE0003B65A4 /* Base */,
			);
			name = Main.storyboard;
			sourceTree = "<group>";
		};
/* End PBXVariantGroup section */

/* Begin XCBuildConfiguration section */
		21D8E5AB286B5FE1003B65A4 /* Debug */ = {
			isa = XCBuildConfiguration;
			buildSettings = {
				ALWAYS_SEARCH_USER_PATHS = NO;
				CLANG_ANALYZER_NONNULL = YES;
				CLANG_ANALYZER_NUMBER_OBJECT_CONVERSION = YES_AGGRESSIVE;
				CLANG_CXX_LANGUAGE_STANDARD = "gnu++17";
				CLANG_ENABLE_MODULES = YES;
				CLANG_ENABLE_OBJC_ARC = YES;
				CLANG_ENABLE_OBJC_WEAK = YES;
				CLANG_WARN_BLOCK_CAPTURE_AUTORELEASING = YES;
				CLANG_WARN_BOOL_CONVERSION = YES;
				CLANG_WARN_COMMA = YES;
				CLANG_WARN_CONSTANT_CONVERSION = YES;
				CLANG_WARN_DEPRECATED_OBJC_IMPLEMENTATIONS = YES;
				CLANG_WARN_DIRECT_OBJC_ISA_USAGE = YES_ERROR;
				CLANG_WARN_DOCUMENTATION_COMMENTS = YES;
				CLANG_WARN_EMPTY_BODY = YES;
				CLANG_WARN_ENUM_CONVERSION = YES;
				CLANG_WARN_INFINITE_RECURSION = YES;
				CLANG_WARN_INT_CONVERSION = YES;
				CLANG_WARN_NON_LITERAL_NULL_CONVERSION = YES;
				CLANG_WARN_OBJC_IMPLICIT_RETAIN_SELF = YES;
				CLANG_WARN_OBJC_LITERAL_CONVERSION = YES;
				CLANG_WARN_OBJC_ROOT_CLASS = YES_ERROR;
				CLANG_WARN_QUOTED_INCLUDE_IN_FRAMEWORK_HEADER = YES;
				CLANG_WARN_RANGE_LOOP_ANALYSIS = YES;
				CLANG_WARN_STRICT_PROTOTYPES = YES;
				CLANG_WARN_SUSPICIOUS_MOVE = YES;
				CLANG_WARN_UNGUARDED_AVAILABILITY = YES_AGGRESSIVE;
				CLANG_WARN_UNREACHABLE_CODE = YES;
				CLANG_WARN__DUPLICATE_METHOD_MATCH = YES;
				COPY_PHASE_STRIP = NO;
				DEBUG_INFORMATION_FORMAT = dwarf;
				ENABLE_STRICT_OBJC_MSGSEND = YES;
				ENABLE_TESTABILITY = YES;
				GCC_C_LANGUAGE_STANDARD = gnu11;
				GCC_DYNAMIC_NO_PIC = NO;
				GCC_NO_COMMON_BLOCKS = YES;
				GCC_OPTIMIZATION_LEVEL = 0;
				GCC_PREPROCESSOR_DEFINITIONS = (
					"DEBUG=1",
					"$(inherited)",
				);
				GCC_WARN_64_TO_32_BIT_CONVERSION = YES;
				GCC_WARN_ABOUT_RETURN_TYPE = YES_ERROR;
				GCC_WARN_UNDECLARED_SELECTOR = YES;
				GCC_WARN_UNINITIALIZED_AUTOS = YES_AGGRESSIVE;
				GCC_WARN_UNUSED_FUNCTION = YES;
				GCC_WARN_UNUSED_VARIABLE = YES;
				MACOSX_DEPLOYMENT_TARGET = 12.3;
				MTL_ENABLE_DEBUG_INFO = INCLUDE_SOURCE;
				MTL_FAST_MATH = YES;
				ONLY_ACTIVE_ARCH = YES;
				SDKROOT = macosx;
				SWIFT_ACTIVE_COMPILATION_CONDITIONS = DEBUG;
				SWIFT_OPTIMIZATION_LEVEL = "-Onone";
			};
			name = Debug;
		};
		21D8E5AC286B5FE1003B65A4 /* Release */ = {
			isa = XCBuildConfiguration;
			buildSettings = {
				ALWAYS_SEARCH_USER_PATHS = NO;
				CLANG_ANALYZER_NONNULL = YES;
				CLANG_ANALYZER_NUMBER_OBJECT_CONVERSION = YES_AGGRESSIVE;
				CLANG_CXX_LANGUAGE_STANDARD = "gnu++17";
				CLANG_ENABLE_MODULES = YES;
				CLANG_ENABLE_OBJC_ARC = YES;
				CLANG_ENABLE_OBJC_WEAK = YES;
				CLANG_WARN_BLOCK_CAPTURE_AUTORELEASING = YES;
				CLANG_WARN_BOOL_CONVERSION = YES;
				CLANG_WARN_COMMA = YES;
				CLANG_WARN_CONSTANT_CONVERSION = YES;
				CLANG_WARN_DEPRECATED_OBJC_IMPLEMENTATIONS = YES;
				CLANG_WARN_DIRECT_OBJC_ISA_USAGE = YES_ERROR;
				CLANG_WARN_DOCUMENTATION_COMMENTS = YES;
				CLANG_WARN_EMPTY_BODY = YES;
				CLANG_WARN_ENUM_CONVERSION = YES;
				CLANG_WARN_INFINITE_RECURSION = YES;
				CLANG_WARN_INT_CONVERSION = YES;
				CLANG_WARN_NON_LITERAL_NULL_CONVERSION = YES;
				CLANG_WARN_OBJC_IMPLICIT_RETAIN_SELF = YES;
				CLANG_WARN_OBJC_LITERAL_CONVERSION = YES;
				CLANG_WARN_OBJC_ROOT_CLASS = YES_ERROR;
				CLANG_WARN_QUOTED_INCLUDE_IN_FRAMEWORK_HEADER = YES;
				CLANG_WARN_RANGE_LOOP_ANALYSIS = YES;
				CLANG_WARN_STRICT_PROTOTYPES = YES;
				CLANG_WARN_SUSPICIOUS_MOVE = YES;
				CLANG_WARN_UNGUARDED_AVAILABILITY = YES_AGGRESSIVE;
				CLANG_WARN_UNREACHABLE_CODE = YES;
				CLANG_WARN__DUPLICATE_METHOD_MATCH = YES;
				COPY_PHASE_STRIP = NO;
				DEBUG_INFORMATION_FORMAT = "dwarf-with-dsym";
				ENABLE_NS_ASSERTIONS = NO;
				ENABLE_STRICT_OBJC_MSGSEND = YES;
				GCC_C_LANGUAGE_STANDARD = gnu11;
				GCC_NO_COMMON_BLOCKS = YES;
				GCC_WARN_64_TO_32_BIT_CONVERSION = YES;
				GCC_WARN_ABOUT_RETURN_TYPE = YES_ERROR;
				GCC_WARN_UNDECLARED_SELECTOR = YES;
				GCC_WARN_UNINITIALIZED_AUTOS = YES_AGGRESSIVE;
				GCC_WARN_UNUSED_FUNCTION = YES;
				GCC_WARN_UNUSED_VARIABLE = YES;
				MACOSX_DEPLOYMENT_TARGET = 12.3;
				MTL_ENABLE_DEBUG_INFO = NO;
				MTL_FAST_MATH = YES;
				SDKROOT = macosx;
				SWIFT_COMPILATION_MODE = wholemodule;
				SWIFT_OPTIMIZATION_LEVEL = "-O";
			};
			name = Release;
		};
		21D8E5AE286B5FE1003B65A4 /* Debug */ = {
			isa = XCBuildConfiguration;
			buildSettings = {
				ASSETCATALOG_COMPILER_APPICON_NAME = AppIcon;
				ASSETCATALOG_COMPILER_GLOBAL_ACCENT_COLOR_NAME = AccentColor;
				CODE_SIGN_ENTITLEMENTS = githubcreate/githubcreate.entitlements;
				CODE_SIGN_STYLE = Automatic;
				COMBINE_HIDPI_IMAGES = YES;
				CURRENT_PROJECT_VERSION = 1;
				GENERATE_INFOPLIST_FILE = YES;
				INFOPLIST_KEY_NSHumanReadableCopyright = "";
				INFOPLIST_KEY_NSMainStoryboardFile = Main;
				INFOPLIST_KEY_NSPrincipalClass = NSApplication;
				LD_RUNPATH_SEARCH_PATHS = (
					"$(inherited)",
					"@executable_path/../Frameworks",
				);
				MARKETING_VERSION = 1.0;
				PRODUCT_BUNDLE_IDENTIFIER = kwk.githubcreate;
				PRODUCT_NAME = "$(TARGET_NAME)";
				SWIFT_EMIT_LOC_STRINGS = YES;
				SWIFT_VERSION = 5.0;
			};
			name = Debug;
		};
		21D8E5AF286B5FE1003B65A4 /* Release */ = {
			isa = XCBuildConfiguration;
			buildSettings = {
				ASSETCATALOG_COMPILER_APPICON_NAME = AppIcon;
				ASSETCATALOG_COMPILER_GLOBAL_ACCENT_COLOR_NAME = AccentColor;
				CODE_SIGN_ENTITLEMENTS = githubcreate/githubcreate.entitlements;
				CODE_SIGN_STYLE = Automatic;
				COMBINE_HIDPI_IMAGES = YES;
				CURRENT_PROJECT_VERSION = 1;
				GENERATE_INFOPLIST_FILE = YES;
				INFOPLIST_KEY_NSHumanReadableCopyright = "";
				INFOPLIST_KEY_NSMainStoryboardFile = Main;
				INFOPLIST_KEY_NSPrincipalClass = NSApplication;
				LD_RUNPATH_SEARCH_PATHS = (
					"$(inherited)",
					"@executable_path/../Frameworks",
				);
				MARKETING_VERSION = 1.0;
				PRODUCT_BUNDLE_IDENTIFIER = kwk.githubcreate;
				PRODUCT_NAME = "$(TARGET_NAME)";
				SWIFT_EMIT_LOC_STRINGS = YES;
				SWIFT_VERSION = 5.0;
			};
			name = Release;
		};
		21D8E5B1286B5FE1003B65A4 /* Debug */ = {
			isa = XCBuildConfiguration;
			buildSettings = {
				ALWAYS_EMBED_SWIFT_STANDARD_LIBRARIES = YES;
				BUNDLE_LOADER = "$(TEST_HOST)";
				CODE_SIGN_STYLE = Automatic;
				CURRENT_PROJECT_VERSION = 1;
				GENERATE_INFOPLIST_FILE = YES;
				MACOSX_DEPLOYMENT_TARGET = 12.3;
				MARKETING_VERSION = 1.0;
				PRODUCT_BUNDLE_IDENTIFIER = kwk.githubcreateTests;
				PRODUCT_NAME = "$(TARGET_NAME)";
				SWIFT_EMIT_LOC_STRINGS = NO;
				SWIFT_VERSION = 5.0;
				TEST_HOST = "$(BUILT_PRODUCTS_DIR)/githubcreate.app/Contents/MacOS/githubcreate";
			};
			name = Debug;
		};
		21D8E5B2286B5FE1003B65A4 /* Release */ = {
			isa = XCBuildConfiguration;
			buildSettings = {
				ALWAYS_EMBED_SWIFT_STANDARD_LIBRARIES = YES;
				BUNDLE_LOADER = "$(TEST_HOST)";
				CODE_SIGN_STYLE = Automatic;
				CURRENT_PROJECT_VERSION = 1;
				GENERATE_INFOPLIST_FILE = YES;
				MACOSX_DEPLOYMENT_TARGET = 12.3;
				MARKETING_VERSION = 1.0;
				PRODUCT_BUNDLE_IDENTIFIER = kwk.githubcreateTests;
				PRODUCT_NAME = "$(TARGET_NAME)";
				SWIFT_EMIT_LOC_STRINGS = NO;
				SWIFT_VERSION = 5.0;
				TEST_HOST = "$(BUILT_PRODUCTS_DIR)/githubcreate.app/Contents/MacOS/githubcreate";
			};
			name = Release;
		};
		21D8E5B4286B5FE1003B65A4 /* Debug */ = {
			isa = XCBuildConfiguration;
			buildSettings = {
				ALWAYS_EMBED_SWIFT_STANDARD_LIBRARIES = YES;
				CODE_SIGN_STYLE = Automatic;
				CURRENT_PROJECT_VERSION = 1;
				GENERATE_INFOPLIST_FILE = YES;
				MARKETING_VERSION = 1.0;
				PRODUCT_BUNDLE_IDENTIFIER = kwk.githubcreateUITests;
				PRODUCT_NAME = "$(TARGET_NAME)";
				SWIFT_EMIT_LOC_STRINGS = NO;
				SWIFT_VERSION = 5.0;
				TEST_TARGET_NAME = githubcreate;
			};
			name = Debug;
		};
		21D8E5B5286B5FE1003B65A4 /* Release */ = {
			isa = XCBuildConfiguration;
			buildSettings = {
				ALWAYS_EMBED_SWIFT_STANDARD_LIBRARIES = YES;
				CODE_SIGN_STYLE = Automatic;
				CURRENT_PROJECT_VERSION = 1;
				GENERATE_INFOPLIST_FILE = YES;
				MARKETING_VERSION = 1.0;
				PRODUCT_BUNDLE_IDENTIFIER = kwk.githubcreateUITests;
				PRODUCT_NAME = "$(TARGET_NAME)";
				SWIFT_EMIT_LOC_STRINGS = NO;
				SWIFT_VERSION = 5.0;
				TEST_TARGET_NAME = githubcreate;
			};
			name = Release;
		};
/* End XCBuildConfiguration section */

/* Begin XCConfigurationList section */
		21D8E580286B5FDA003B65A4 /* Build configuration list for PBXProject "githubcreate" */ = {
			isa = XCConfigurationList;
			buildConfigurations = (
				21D8E5AB286B5FE1003B65A4 /* Debug */,
				21D8E5AC286B5FE1003B65A4 /* Release */,
			);
			defaultConfigurationIsVisible = 0;
			defaultConfigurationName = Release;
		};
		21D8E5AD286B5FE1003B65A4 /* Build configuration list for PBXNativeTarget "githubcreate" */ = {
			isa = XCConfigurationList;
			buildConfigurations = (
				21D8E5AE286B5FE1003B65A4 /* Debug */,
				21D8E5AF286B5FE1003B65A4 /* Release */,
			);
			defaultConfigurationIsVisible = 0;
			defaultConfigurationName = Release;
		};
		21D8E5B0286B5FE1003B65A4 /* Build configuration list for PBXNativeTarget "githubcreateTests" */ = {
			isa = XCConfigurationList;
			buildConfigurations = (
				21D8E5B1286B5FE1003B65A4 /* Debug */,
				21D8E5B2286B5FE1003B65A4 /* Release */,
			);
			defaultConfigurationIsVisible = 0;
			defaultConfigurationName = Release;
		};
		21D8E5B3286B5FE1003B65A4 /* Build configuration list for PBXNativeTarget "githubcreateUITests" */ = {
			isa = XCConfigurationList;
			buildConfigurations = (
				21D8E5B4286B5FE1003B65A4 /* Debug */,
				21D8E5B5286B5FE1003B65A4 /* Release */,
			);
			defaultConfigurationIsVisible = 0;
			defaultConfigurationName = Release;
		};
/* End XCConfigurationList section */

/* Begin XCVersionGroup section */
		21D8E58C286B5FDA003B65A4 /* githubcreate.xcdatamodeld */ = {
			isa = XCVersionGroup;
			children = (
				21D8E58D286B5FDA003B65A4 /* githubcreate.xcdatamodel */,
			);
			currentVersion = 21D8E58D286B5FDA003B65A4 /* githubcreate.xcdatamodel */;
			path = githubcreate.xcdatamodeld;
			sourceTree = "<group>";
			versionGroupType = wrapper.xcdatamodel;
		};
/* End XCVersionGroup section */
	};
	rootObject = 21D8E57D286B5FD9003B65A4 /* Project object */;
}
